
Microsoft Visual Studio Solution File, Format Version 12.00
# Visual Studio Version 16
VisualStudioVersion = 16.0.29102.190
MinimumVisualStudioVersion = 10.0.40219.1
Project("{FAE04EC0-301F-11D3-BF4B-00C04F79EFBC}") = "litecart login", "litecart login\litecart login.csproj", "{64F1E54A-8814-4AAE-8CCB-FD1535246A0F}"
EndProject
Global
	GlobalSection(SolutionConfigurationPlatforms) = preSolution
		Debug|Any CPU = Debug|Any CPU
		Release|Any CPU = Release|Any CPU
	EndGlobalSection
	GlobalSection(ProjectConfigurationPlatforms) = postSolution
		{64F1E54A-8814-4AAE-8CCB-FD1535246A0F}.Debug|Any CPU.ActiveCfg = Debug|Any CPU
		{64F1E54A-8814-4AAE-8CCB-FD1535246A0F}.Debug|Any CPU.Build.0 = Debug|Any CPU
		{64F1E54A-8814-4AAE-8CCB-FD1535246A0F}.Release|Any CPU.ActiveCfg = Release|Any CPU
		{64F1E54A-8814-4AAE-8CCB-FD1535246A0F}.Release|Any CPU.Build.0 = Release|Any CPU
	EndGlobalSection
	GlobalSection(SolutionProperties) = preSolution
		HideSolutionNode = FALSE
	EndGlobalSection
	GlobalSection(ExtensibilityGlobals) = postSolution
		SolutionGuid = {692966E1-B78D-49F6-BCF5-C284619A1DAE}
	EndGlobalSection
EndGlobal
