
Microsoft Visual Studio Solution File, Format Version 12.00
# Visual Studio Version 16
VisualStudioVersion = 16.0.29201.188
MinimumVisualStudioVersion = 10.0.40219.1
Project("{FAE04EC0-301F-11D3-BF4B-00C04F79EFBC}") = "Task6", "Task6\Task6.csproj", "{E441BDE2-9206-4A04-94A4-6703F2D1E233}"
EndProject
Global
	GlobalSection(SolutionConfigurationPlatforms) = preSolution
		Debug|Any CPU = Debug|Any CPU
		Release|Any CPU = Release|Any CPU
	EndGlobalSection
	GlobalSection(ProjectConfigurationPlatforms) = postSolution
		{E441BDE2-9206-4A04-94A4-6703F2D1E233}.Debug|Any CPU.ActiveCfg = Debug|Any CPU
		{E441BDE2-9206-4A04-94A4-6703F2D1E233}.Debug|Any CPU.Build.0 = Debug|Any CPU
		{E441BDE2-9206-4A04-94A4-6703F2D1E233}.Release|Any CPU.ActiveCfg = Release|Any CPU
		{E441BDE2-9206-4A04-94A4-6703F2D1E233}.Release|Any CPU.Build.0 = Release|Any CPU
	EndGlobalSection
	GlobalSection(SolutionProperties) = preSolution
		HideSolutionNode = FALSE
	EndGlobalSection
	GlobalSection(ExtensibilityGlobals) = postSolution
		SolutionGuid = {49A2B5E3-A1E1-4290-BC6A-3CADC7227407}
	EndGlobalSection
EndGlobal
