
Microsoft Visual Studio Solution File, Format Version 12.00
# Visual Studio Version 16
VisualStudioVersion = 16.0.29201.188
MinimumVisualStudioVersion = 10.0.40219.1
Project("{FAE04EC0-301F-11D3-BF4B-00C04F79EFBC}") = "AddingCookie", "AddingCookie\AddingCookie.csproj", "{1C941285-23FA-486F-A710-88D01FD5BCE4}"
EndProject
Global
	GlobalSection(SolutionConfigurationPlatforms) = preSolution
		Debug|Any CPU = Debug|Any CPU
		Release|Any CPU = Release|Any CPU
	EndGlobalSection
	GlobalSection(ProjectConfigurationPlatforms) = postSolution
		{1C941285-23FA-486F-A710-88D01FD5BCE4}.Debug|Any CPU.ActiveCfg = Debug|Any CPU
		{1C941285-23FA-486F-A710-88D01FD5BCE4}.Debug|Any CPU.Build.0 = Debug|Any CPU
		{1C941285-23FA-486F-A710-88D01FD5BCE4}.Release|Any CPU.ActiveCfg = Release|Any CPU
		{1C941285-23FA-486F-A710-88D01FD5BCE4}.Release|Any CPU.Build.0 = Release|Any CPU
	EndGlobalSection
	GlobalSection(SolutionProperties) = preSolution
		HideSolutionNode = FALSE
	EndGlobalSection
	GlobalSection(ExtensibilityGlobals) = postSolution
		SolutionGuid = {F1E43033-95AC-434A-A720-3D84F455F499}
	EndGlobalSection
EndGlobal
